
Microsoft Visual Studio Solution File, Format Version 12.00
# Visual Studio 15
VisualStudioVersion = 15.0.27004.2006
MinimumVisualStudioVersion = 10.0.40219.1
Project("{FAE04EC0-301F-11D3-BF4B-00C04F79EFBC}") = "Hengrui", "Hengrui\Hengrui.csproj", "{C548BBD3-1E40-48F4-B5B4-410AFDB6C952}"
EndProject
Project("{FAE04EC0-301F-11D3-BF4B-00C04F79EFBC}") = "HengruiTest", "HengruiTest\HengruiTest.csproj", "{5DA9B4B8-E5EB-4DC6-82BB-80E3FBB6A733}"
EndProject
Project("{FAE04EC0-301F-11D3-BF4B-00C04F79EFBC}") = "Hengrui.DataAccess", "Hengrui.DataAccess\Hengrui.DataAccess.csproj", "{BAB7C2F4-B6F0-48E3-9C42-C8610CEEFAF9}"
EndProject
Project("{FAE04EC0-301F-11D3-BF4B-00C04F79EFBC}") = "Hengrui.Business", "Hengrui.Business\Hengrui.Business.csproj", "{576C5069-7BDB-45D6-8620-B22C275A430B}"
EndProject
Project("{2150E333-8FDC-42A3-9474-1A3956D46DE8}") = "Utilities", "Utilities", "{E41F0F7C-2EEE-407E-9981-7F15133B0F05}"
EndProject
Project("{FAE04EC0-301F-11D3-BF4B-00C04F79EFBC}") = "Hengrui.DataMigration", "Hengrui.DataMigration\Hengrui.DataMigration.csproj", "{9D8083FF-B302-423B-99E8-A1A6EDB80340}"
EndProject
Global
	GlobalSection(SolutionConfigurationPlatforms) = preSolution
		Debug|Any CPU = Debug|Any CPU
		Release|Any CPU = Release|Any CPU
	EndGlobalSection
	GlobalSection(ProjectConfigurationPlatforms) = postSolution
		{C548BBD3-1E40-48F4-B5B4-410AFDB6C952}.Debug|Any CPU.ActiveCfg = Debug|Any CPU
		{C548BBD3-1E40-48F4-B5B4-410AFDB6C952}.Debug|Any CPU.Build.0 = Debug|Any CPU
		{C548BBD3-1E40-48F4-B5B4-410AFDB6C952}.Release|Any CPU.ActiveCfg = Release|Any CPU
		{C548BBD3-1E40-48F4-B5B4-410AFDB6C952}.Release|Any CPU.Build.0 = Release|Any CPU
		{5DA9B4B8-E5EB-4DC6-82BB-80E3FBB6A733}.Debug|Any CPU.ActiveCfg = Debug|Any CPU
		{5DA9B4B8-E5EB-4DC6-82BB-80E3FBB6A733}.Debug|Any CPU.Build.0 = Debug|Any CPU
		{5DA9B4B8-E5EB-4DC6-82BB-80E3FBB6A733}.Release|Any CPU.ActiveCfg = Release|Any CPU
		{5DA9B4B8-E5EB-4DC6-82BB-80E3FBB6A733}.Release|Any CPU.Build.0 = Release|Any CPU
		{BAB7C2F4-B6F0-48E3-9C42-C8610CEEFAF9}.Debug|Any CPU.ActiveCfg = Debug|Any CPU
		{BAB7C2F4-B6F0-48E3-9C42-C8610CEEFAF9}.Debug|Any CPU.Build.0 = Debug|Any CPU
		{BAB7C2F4-B6F0-48E3-9C42-C8610CEEFAF9}.Release|Any CPU.ActiveCfg = Release|Any CPU
		{BAB7C2F4-B6F0-48E3-9C42-C8610CEEFAF9}.Release|Any CPU.Build.0 = Release|Any CPU
		{576C5069-7BDB-45D6-8620-B22C275A430B}.Debug|Any CPU.ActiveCfg = Debug|Any CPU
		{576C5069-7BDB-45D6-8620-B22C275A430B}.Debug|Any CPU.Build.0 = Debug|Any CPU
		{576C5069-7BDB-45D6-8620-B22C275A430B}.Release|Any CPU.ActiveCfg = Release|Any CPU
		{576C5069-7BDB-45D6-8620-B22C275A430B}.Release|Any CPU.Build.0 = Release|Any CPU
		{9D8083FF-B302-423B-99E8-A1A6EDB80340}.Debug|Any CPU.ActiveCfg = Debug|Any CPU
		{9D8083FF-B302-423B-99E8-A1A6EDB80340}.Debug|Any CPU.Build.0 = Debug|Any CPU
		{9D8083FF-B302-423B-99E8-A1A6EDB80340}.Release|Any CPU.ActiveCfg = Release|Any CPU
		{9D8083FF-B302-423B-99E8-A1A6EDB80340}.Release|Any CPU.Build.0 = Release|Any CPU
	EndGlobalSection
	GlobalSection(SolutionProperties) = preSolution
		HideSolutionNode = FALSE
	EndGlobalSection
	GlobalSection(NestedProjects) = preSolution
		{9D8083FF-B302-423B-99E8-A1A6EDB80340} = {E41F0F7C-2EEE-407E-9981-7F15133B0F05}
	EndGlobalSection
	GlobalSection(ExtensibilityGlobals) = postSolution
		SolutionGuid = {529C6EB8-517E-4BF3-9F83-7AD633ED6EC7}
	EndGlobalSection
EndGlobal
